
Microsoft Visual Studio Solution File, Format Version 12.00
# Visual Studio Version 16
VisualStudioVersion = 17.1.32228.430
MinimumVisualStudioVersion = 10.0.40219.1
Project("{FAE04EC0-301F-11D3-BF4B-00C04F79EFBC}") = "CameraModule", "Camera\CameraModule.csproj", "{BB6F2057-E3AC-4037-8F58-75BC87DE9A9D}"
	ProjectSection(ProjectDependencies) = postProject
		{A4ECAA12-A541-4225-951B-AA7CB286293C} = {A4ECAA12-A541-4225-951B-AA7CB286293C}
		{82B5F435-0C96-4A1C-BE03-3F3BD6FE1617} = {82B5F435-0C96-4A1C-BE03-3F3BD6FE1617}
		{3DE3745A-657A-4E8F-A2D7-E845D3EC8F97} = {3DE3745A-657A-4E8F-A2D7-E845D3EC8F97}
		{C882485D-F105-4ABA-9FF9-19B74F0631C1} = {C882485D-F105-4ABA-9FF9-19B74F0631C1}
		{988FE87A-EDFE-4C26-B8C3-C55E27708AD0} = {988FE87A-EDFE-4C26-B8C3-C55E27708AD0}
		{D185FAA3-DDF4-4DD0-B914-168583B44EC0} = {D185FAA3-DDF4-4DD0-B914-168583B44EC0}
		{3802E3E2-679F-4878-A370-4CF2F9E8DC15} = {3802E3E2-679F-4878-A370-4CF2F9E8DC15}
		{7ED8DDE9-D8B0-42D8-A00C-049477ACD4A5} = {7ED8DDE9-D8B0-42D8-A00C-049477ACD4A5}
		{349EE8FA-7D25-4909-AAF5-FF3FADE72187} = {349EE8FA-7D25-4909-AAF5-FF3FADE72187}
	EndProjectSection
EndProject
Project("{FAE04EC0-301F-11D3-BF4B-00C04F79EFBC}") = "FormsInheritance", "FormsInheritance\FormsInheritance.csproj", "{A4ECAA12-A541-4225-951B-AA7CB286293C}"
EndProject
Project("{FAE04EC0-301F-11D3-BF4B-00C04F79EFBC}") = "EventHandler", "EventHandler\EventHandler.csproj", "{C882485D-F105-4ABA-9FF9-19B74F0631C1}"
EndProject
Project("{FAE04EC0-301F-11D3-BF4B-00C04F79EFBC}") = "ReportUtils", "ReportUtils\ReportUtils.csproj", "{C758C928-4382-40B8-90F3-668647DD56F5}"
	ProjectSection(ProjectDependencies) = postProject
		{A4ECAA12-A541-4225-951B-AA7CB286293C} = {A4ECAA12-A541-4225-951B-AA7CB286293C}
		{3DE3745A-657A-4E8F-A2D7-E845D3EC8F97} = {3DE3745A-657A-4E8F-A2D7-E845D3EC8F97}
	EndProjectSection
EndProject
Project("{FAE04EC0-301F-11D3-BF4B-00C04F79EFBC}") = "IVLReport", "IVLReport\IVLReport.csproj", "{9F2AA37F-CC63-4C5A-A6E1-5A755FF5CDFD}"
	ProjectSection(ProjectDependencies) = postProject
		{C758C928-4382-40B8-90F3-668647DD56F5} = {C758C928-4382-40B8-90F3-668647DD56F5}
		{82B5F435-0C96-4A1C-BE03-3F3BD6FE1617} = {82B5F435-0C96-4A1C-BE03-3F3BD6FE1617}
		{BB6F2057-E3AC-4037-8F58-75BC87DE9A9D} = {BB6F2057-E3AC-4037-8F58-75BC87DE9A9D}
		{3DE3745A-657A-4E8F-A2D7-E845D3EC8F97} = {3DE3745A-657A-4E8F-A2D7-E845D3EC8F97}
		{E977D16F-39B2-417F-9AC9-8462CDD78697} = {E977D16F-39B2-417F-9AC9-8462CDD78697}
		{E96C74BA-9F74-4289-BF72-45CAD472D3D2} = {E96C74BA-9F74-4289-BF72-45CAD472D3D2}
	EndProjectSection
EndProject
Project("{FAE04EC0-301F-11D3-BF4B-00C04F79EFBC}") = "INTUSOFT.ThumbnailModule", "INTUSOFT.ThumbnailModule\INTUSOFT.ThumbnailModule.csproj", "{E977D16F-39B2-417F-9AC9-8462CDD78697}"
	ProjectSection(ProjectDependencies) = postProject
		{957DD705-84E3-4544-A179-FB5C71B83400} = {957DD705-84E3-4544-A179-FB5C71B83400}
		{A4ECAA12-A541-4225-951B-AA7CB286293C} = {A4ECAA12-A541-4225-951B-AA7CB286293C}
	EndProjectSection
EndProject
Project("{FAE04EC0-301F-11D3-BF4B-00C04F79EFBC}") = "Common", "Common\Common.csproj", "{3DE3745A-657A-4E8F-A2D7-E845D3EC8F97}"
	ProjectSection(ProjectDependencies) = postProject
		{C882485D-F105-4ABA-9FF9-19B74F0631C1} = {C882485D-F105-4ABA-9FF9-19B74F0631C1}
	EndProjectSection
EndProject
Project("{8BC9CEB8-8B4A-11D0-8D11-00A0C91BC942}") = "IntuSoftDemosaic", "IntuSoftDemosaic\IntuSoftDemosaic.vcxproj", "{D185FAA3-DDF4-4DD0-B914-168583B44EC0}"
EndProject
Project("{8BC9CEB8-8B4A-11D0-8D11-00A0C91BC942}") = "IntuSoftUSBController", "IntuSoftUSBController\IntuSoftUSBController.vcxproj", "{988FE87A-EDFE-4C26-B8C3-C55E27708AD0}"
	ProjectSection(ProjectDependencies) = postProject
		{349EE8FA-7D25-4909-AAF5-FF3FADE72187} = {349EE8FA-7D25-4909-AAF5-FF3FADE72187}
	EndProjectSection
EndProject
Project("{FAE04EC0-301F-11D3-BF4B-00C04F79EFBC}") = "IVLTemplateCreator", "IVLTemplateCreator\IVLTemplateCreator.csproj", "{B6CAE810-5404-4810-9B03-8C55BD8BF4CA}"
	ProjectSection(ProjectDependencies) = postProject
		{957DD705-84E3-4544-A179-FB5C71B83400} = {957DD705-84E3-4544-A179-FB5C71B83400}
		{3DE3745A-657A-4E8F-A2D7-E845D3EC8F97} = {3DE3745A-657A-4E8F-A2D7-E845D3EC8F97}
		{C882485D-F105-4ABA-9FF9-19B74F0631C1} = {C882485D-F105-4ABA-9FF9-19B74F0631C1}
		{E977D16F-39B2-417F-9AC9-8462CDD78697} = {E977D16F-39B2-417F-9AC9-8462CDD78697}
		{9F2AA37F-CC63-4C5A-A6E1-5A755FF5CDFD} = {9F2AA37F-CC63-4C5A-A6E1-5A755FF5CDFD}
	EndProjectSection
EndProject
Project("{8BC9CEB8-8B4A-11D0-8D11-00A0C91BC942}") = "GlaucomaToolMeasurements", "GlaucomaToolMeasurements\GlaucomaToolMeasurements.vcxproj", "{CE11A797-DD7D-4E31-B083-21BCD3049DE3}"
EndProject
Project("{FAE04EC0-301F-11D3-BF4B-00C04F79EFBC}") = "AssemblySoftware", "WindowsFormsApplication1\AssemblySoftware.csproj", "{8507C69F-E7BD-4945-92C5-FBD79E3501A5}"
	ProjectSection(ProjectDependencies) = postProject
		{A4ECAA12-A541-4225-951B-AA7CB286293C} = {A4ECAA12-A541-4225-951B-AA7CB286293C}
		{BB6F2057-E3AC-4037-8F58-75BC87DE9A9D} = {BB6F2057-E3AC-4037-8F58-75BC87DE9A9D}
		{3DE3745A-657A-4E8F-A2D7-E845D3EC8F97} = {3DE3745A-657A-4E8F-A2D7-E845D3EC8F97}
		{C882485D-F105-4ABA-9FF9-19B74F0631C1} = {C882485D-F105-4ABA-9FF9-19B74F0631C1}
		{988FE87A-EDFE-4C26-B8C3-C55E27708AD0} = {988FE87A-EDFE-4C26-B8C3-C55E27708AD0}
		{D185FAA3-DDF4-4DD0-B914-168583B44EC0} = {D185FAA3-DDF4-4DD0-B914-168583B44EC0}
	EndProjectSection
EndProject
Project("{8BC9CEB8-8B4A-11D0-8D11-00A0C91BC942}") = "Clahe", "Clahe\Clahe.vcxproj", "{2925751B-B636-47EB-B887-1435F8D6FC40}"
EndProject
Project("{FAE04EC0-301F-11D3-BF4B-00C04F79EFBC}") = "Annotation", "Annotation\Annotation.csproj", "{498A9CDF-E40D-4823-ABE1-337286B12392}"
	ProjectSection(ProjectDependencies) = postProject
		{957DD705-84E3-4544-A179-FB5C71B83400} = {957DD705-84E3-4544-A179-FB5C71B83400}
		{9F2AA37F-CC63-4C5A-A6E1-5A755FF5CDFD} = {9F2AA37F-CC63-4C5A-A6E1-5A755FF5CDFD}
		{CE11A797-DD7D-4E31-B083-21BCD3049DE3} = {CE11A797-DD7D-4E31-B083-21BCD3049DE3}
	EndProjectSection
EndProject
Project("{FAE04EC0-301F-11D3-BF4B-00C04F79EFBC}") = "IvlSoft.Data", "IvlSoft.Data\IvlSoft.Data.csproj", "{957DD705-84E3-4544-A179-FB5C71B83400}"
	ProjectSection(ProjectDependencies) = postProject
		{3DE3745A-657A-4E8F-A2D7-E845D3EC8F97} = {3DE3745A-657A-4E8F-A2D7-E845D3EC8F97}
		{C882485D-F105-4ABA-9FF9-19B74F0631C1} = {C882485D-F105-4ABA-9FF9-19B74F0631C1}
	EndProjectSection
EndProject
Project("{8BC9CEB8-8B4A-11D0-8D11-00A0C91BC942}") = "LiveModeProcessing", "LiveModeProcessing\LiveModeProcessing.vcxproj", "{3802E3E2-679F-4878-A370-4CF2F9E8DC15}"
EndProject
Project("{2150E333-8FDC-42A3-9474-1A3956D46DE8}") = "Solution Items", "Solution Items", "{1C37BEBE-CB9A-4870-8C31-DA74768834CC}"
	ProjectSection(SolutionItems) = preProject
		Performance1.psess = Performance1.psess
	EndProjectSection
EndProject
Project("{FAE04EC0-301F-11D3-BF4B-00C04F79EFBC}") = "DbPorting", "DbPortingProject\DbPorting.csproj", "{7D807B6E-9D25-40D4-98C4-E64C6972DF76}"
	ProjectSection(ProjectDependencies) = postProject
		{957DD705-84E3-4544-A179-FB5C71B83400} = {957DD705-84E3-4544-A179-FB5C71B83400}
		{2B98423E-11AE-470A-B484-940D47620F28} = {2B98423E-11AE-470A-B484-940D47620F28}
		{498A9CDF-E40D-4823-ABE1-337286B12392} = {498A9CDF-E40D-4823-ABE1-337286B12392}
	EndProjectSection
EndProject
Project("{FAE04EC0-301F-11D3-BF4B-00C04F79EFBC}") = "IvlSoft.Desktop", "IvlSoft.Desktop\IvlSoft.Desktop.csproj", "{0450FA60-C08F-4163-B953-80426F3576A0}"
	ProjectSection(ProjectDependencies) = postProject
		{957DD705-84E3-4544-A179-FB5C71B83400} = {957DD705-84E3-4544-A179-FB5C71B83400}
		{A4ECAA12-A541-4225-951B-AA7CB286293C} = {A4ECAA12-A541-4225-951B-AA7CB286293C}
		{2B98423E-11AE-470A-B484-940D47620F28} = {2B98423E-11AE-470A-B484-940D47620F28}
		{BB6F2057-E3AC-4037-8F58-75BC87DE9A9D} = {BB6F2057-E3AC-4037-8F58-75BC87DE9A9D}
		{3DE3745A-657A-4E8F-A2D7-E845D3EC8F97} = {3DE3745A-657A-4E8F-A2D7-E845D3EC8F97}
		{C882485D-F105-4ABA-9FF9-19B74F0631C1} = {C882485D-F105-4ABA-9FF9-19B74F0631C1}
		{7D807B6E-9D25-40D4-98C4-E64C6972DF76} = {7D807B6E-9D25-40D4-98C4-E64C6972DF76}
		{E977D16F-39B2-417F-9AC9-8462CDD78697} = {E977D16F-39B2-417F-9AC9-8462CDD78697}
		{9F2AA37F-CC63-4C5A-A6E1-5A755FF5CDFD} = {9F2AA37F-CC63-4C5A-A6E1-5A755FF5CDFD}
		{E54FB2B4-3714-456B-9153-D3C3D2EE9E81} = {E54FB2B4-3714-456B-9153-D3C3D2EE9E81}
		{61F870C2-9389-497A-B9F4-4965F2A8992D} = {61F870C2-9389-497A-B9F4-4965F2A8992D}
		{EF4A1ADC-BDDE-4FC8-BD70-90332751933D} = {EF4A1ADC-BDDE-4FC8-BD70-90332751933D}
		{498A9CDF-E40D-4823-ABE1-337286B12392} = {498A9CDF-E40D-4823-ABE1-337286B12392}
		{7ED8DDE9-D8B0-42D8-A00C-049477ACD4A5} = {7ED8DDE9-D8B0-42D8-A00C-049477ACD4A5}
	EndProjectSection
EndProject
Project("{FAE04EC0-301F-11D3-BF4B-00C04F79EFBC}") = "ImageListView", "ImageListView\ImageListView.csproj", "{0C295FB8-C6C6-4A40-9F19-05A43F353A04}"
EndProject
Project("{FAE04EC0-301F-11D3-BF4B-00C04F79EFBC}") = "EEPROM", "EEPROM\EEPROM.csproj", "{7ED8DDE9-D8B0-42D8-A00C-049477ACD4A5}"
EndProject
Project("{FAE04EC0-301F-11D3-BF4B-00C04F79EFBC}") = "ReportTemplateCreator", "ReportTemplateCreator\ReportTemplateCreator.csproj", "{E54FB2B4-3714-456B-9153-D3C3D2EE9E81}"
	ProjectSection(ProjectDependencies) = postProject
		{957DD705-84E3-4544-A179-FB5C71B83400} = {957DD705-84E3-4544-A179-FB5C71B83400}
		{A1255440-79A2-4330-AD80-89F0BAFCE73F} = {A1255440-79A2-4330-AD80-89F0BAFCE73F}
		{9F2AA37F-CC63-4C5A-A6E1-5A755FF5CDFD} = {9F2AA37F-CC63-4C5A-A6E1-5A755FF5CDFD}
	EndProjectSection
EndProject
Project("{FAE04EC0-301F-11D3-BF4B-00C04F79EFBC}") = "ToolBoxLib", "ToolBoxLib\ToolBoxLib.csproj", "{A9428108-7811-46B2-B8CE-814466ECB602}"
	ProjectSection(ProjectDependencies) = postProject
		{0C295FB8-C6C6-4A40-9F19-05A43F353A04} = {0C295FB8-C6C6-4A40-9F19-05A43F353A04}
	EndProjectSection
EndProject
Project("{FAE04EC0-301F-11D3-BF4B-00C04F79EFBC}") = "RulerControl", "RulerControl\RulerControl.csproj", "{A6A2F3F6-DB6E-4D05-9C6E-BE823C17FF19}"
EndProject
Project("{8BC9CEB8-8B4A-11D0-8D11-00A0C91BC942}") = "libusb-1.0", "libusb\libusb_dll_2012.vcxproj", "{349EE8FA-7D25-4909-AAF5-FF3FADE72187}"
EndProject
Project("{FAE04EC0-301F-11D3-BF4B-00C04F79EFBC}") = "CameraApiTest", "CameraApiTest\CameraApiTest.csproj", "{B0429905-FF01-4A25-9C68-F17544F823A5}"
	ProjectSection(ProjectDependencies) = postProject
		{BB6F2057-E3AC-4037-8F58-75BC87DE9A9D} = {BB6F2057-E3AC-4037-8F58-75BC87DE9A9D}
	EndProjectSection
EndProject
Project("{FAE04EC0-301F-11D3-BF4B-00C04F79EFBC}") = "WpfApplication1", "WpfApplication1\WpfApplication1.csproj", "{ACEE43FB-53CC-48E0-9F6C-BA78026E0FAC}"
EndProject
Project("{FAE04EC0-301F-11D3-BF4B-00C04F79EFBC}") = "AdobeCheckOSVersionInfo", "AdobeCheckOSVersionInfo\AdobeCheckOSVersionInfo.csproj", "{61F870C2-9389-497A-B9F4-4965F2A8992D}"
	ProjectSection(ProjectDependencies) = postProject
		{3DE3745A-657A-4E8F-A2D7-E845D3EC8F97} = {3DE3745A-657A-4E8F-A2D7-E845D3EC8F97}
	EndProjectSection
EndProject
Project("{FAE04EC0-301F-11D3-BF4B-00C04F79EFBC}") = "ConsoleApp1", "ConsoleApp1\ConsoleApp1.csproj", "{86202CBB-FA68-4E75-8AAD-70908B79FCE3}"
EndProject
Project("{FAE04EC0-301F-11D3-BF4B-00C04F79EFBC}") = "CreateOrAlterDB", "CreateOrAlterDB\CreateOrAlterDB.csproj", "{2B98423E-11AE-470A-B484-940D47620F28}"
EndProject
Project("{FAE04EC0-301F-11D3-BF4B-00C04F79EFBC}") = "DesignSurfaceManagerExt", "DesignSurfaceManagerExt\DesignSurfaceManagerExt.csproj", "{2EBA814A-C9D9-4AE1-934B-0E5ACFFD247E}"
	ProjectSection(ProjectDependencies) = postProject
		{A9428108-7811-46B2-B8CE-814466ECB602} = {A9428108-7811-46B2-B8CE-814466ECB602}
		{C758C928-4382-40B8-90F3-668647DD56F5} = {C758C928-4382-40B8-90F3-668647DD56F5}
		{3DE3745A-657A-4E8F-A2D7-E845D3EC8F97} = {3DE3745A-657A-4E8F-A2D7-E845D3EC8F97}
		{0C295FB8-C6C6-4A40-9F19-05A43F353A04} = {0C295FB8-C6C6-4A40-9F19-05A43F353A04}
	EndProjectSection
EndProject
Project("{FAE04EC0-301F-11D3-BF4B-00C04F79EFBC}") = "DesignSurfaceExt", "DesignSurfaceExt\DesignSurfaceExt.csproj", "{E96C74BA-9F74-4289-BF72-45CAD472D3D2}"
EndProject
Project("{FAE04EC0-301F-11D3-BF4B-00C04F79EFBC}") = "DesignerSurface", "pDesigner\DesignerSurface.csproj", "{A1255440-79A2-4330-AD80-89F0BAFCE73F}"
EndProject
Project("{FAE04EC0-301F-11D3-BF4B-00C04F79EFBC}") = "IVLConfiguration", "IVLConfiguration\IVLConfiguration.csproj", "{82B5F435-0C96-4A1C-BE03-3F3BD6FE1617}"
EndProject
Project("{FAE04EC0-301F-11D3-BF4B-00C04F79EFBC}") = "PdfFileWriter", "PdfFileWriter_src\PdfFileWriter\PdfFileWriter.csproj", "{7B531568-9C87-4CC5-917D-28C43BCF5B38}"
EndProject
Project("{FAE04EC0-301F-11D3-BF4B-00C04F79EFBC}") = "CopyAppData", "CopyAppData\CopyAppData.csproj", "{EF4A1ADC-BDDE-4FC8-BD70-90332751933D}"
EndProject
Project("{FAE04EC0-301F-11D3-BF4B-00C04F79EFBC}") = "EventHandlerTest", "EventHandlerTest\EventHandlerTest.csproj", "{724B36AE-B99F-4445-9920-258D31DA804C}"
EndProject
Project("{FAE04EC0-301F-11D3-BF4B-00C04F79EFBC}") = "ClassLibrary1", "ClassLibrary1\ClassLibrary1.csproj", "{2789E4AA-3BB2-4F9E-B0DF-2F138827252D}"
EndProject
Global
	GlobalSection(SolutionConfigurationPlatforms) = preSolution
		Debug|Any CPU = Debug|Any CPU
		Release|Any CPU = Release|Any CPU
	EndGlobalSection
	GlobalSection(ProjectConfigurationPlatforms) = postSolution
		{BB6F2057-E3AC-4037-8F58-75BC87DE9A9D}.Debug|Any CPU.ActiveCfg = Debug|Any CPU
		{BB6F2057-E3AC-4037-8F58-75BC87DE9A9D}.Debug|Any CPU.Build.0 = Debug|Any CPU
		{BB6F2057-E3AC-4037-8F58-75BC87DE9A9D}.Release|Any CPU.ActiveCfg = Release|Any CPU
		{BB6F2057-E3AC-4037-8F58-75BC87DE9A9D}.Release|Any CPU.Build.0 = Release|Any CPU
		{A4ECAA12-A541-4225-951B-AA7CB286293C}.Debug|Any CPU.ActiveCfg = Debug|Any CPU
		{A4ECAA12-A541-4225-951B-AA7CB286293C}.Debug|Any CPU.Build.0 = Debug|Any CPU
		{A4ECAA12-A541-4225-951B-AA7CB286293C}.Release|Any CPU.ActiveCfg = Release|Any CPU
		{A4ECAA12-A541-4225-951B-AA7CB286293C}.Release|Any CPU.Build.0 = Release|Any CPU
		{C882485D-F105-4ABA-9FF9-19B74F0631C1}.Debug|Any CPU.ActiveCfg = Debug|Any CPU
		{C882485D-F105-4ABA-9FF9-19B74F0631C1}.Debug|Any CPU.Build.0 = Debug|Any CPU
		{C882485D-F105-4ABA-9FF9-19B74F0631C1}.Release|Any CPU.ActiveCfg = Release|Any CPU
		{C882485D-F105-4ABA-9FF9-19B74F0631C1}.Release|Any CPU.Build.0 = Release|Any CPU
		{C758C928-4382-40B8-90F3-668647DD56F5}.Debug|Any CPU.ActiveCfg = Debug|Any CPU
		{C758C928-4382-40B8-90F3-668647DD56F5}.Debug|Any CPU.Build.0 = Debug|Any CPU
		{C758C928-4382-40B8-90F3-668647DD56F5}.Release|Any CPU.ActiveCfg = Release|Any CPU
		{C758C928-4382-40B8-90F3-668647DD56F5}.Release|Any CPU.Build.0 = Release|Any CPU
		{9F2AA37F-CC63-4C5A-A6E1-5A755FF5CDFD}.Debug|Any CPU.ActiveCfg = Debug|Any CPU
		{9F2AA37F-CC63-4C5A-A6E1-5A755FF5CDFD}.Debug|Any CPU.Build.0 = Debug|Any CPU
		{9F2AA37F-CC63-4C5A-A6E1-5A755FF5CDFD}.Release|Any CPU.ActiveCfg = Release|Any CPU
		{9F2AA37F-CC63-4C5A-A6E1-5A755FF5CDFD}.Release|Any CPU.Build.0 = Release|Any CPU
		{E977D16F-39B2-417F-9AC9-8462CDD78697}.Debug|Any CPU.ActiveCfg = Debug|Any CPU
		{E977D16F-39B2-417F-9AC9-8462CDD78697}.Debug|Any CPU.Build.0 = Debug|Any CPU
		{E977D16F-39B2-417F-9AC9-8462CDD78697}.Release|Any CPU.ActiveCfg = Release|Any CPU
		{E977D16F-39B2-417F-9AC9-8462CDD78697}.Release|Any CPU.Build.0 = Release|Any CPU
		{3DE3745A-657A-4E8F-A2D7-E845D3EC8F97}.Debug|Any CPU.ActiveCfg = Debug|Any CPU
		{3DE3745A-657A-4E8F-A2D7-E845D3EC8F97}.Debug|Any CPU.Build.0 = Debug|Any CPU
		{3DE3745A-657A-4E8F-A2D7-E845D3EC8F97}.Release|Any CPU.ActiveCfg = Release|Any CPU
		{3DE3745A-657A-4E8F-A2D7-E845D3EC8F97}.Release|Any CPU.Build.0 = Release|Any CPU
		{D185FAA3-DDF4-4DD0-B914-168583B44EC0}.Debug|Any CPU.ActiveCfg = Debug|x64
		{D185FAA3-DDF4-4DD0-B914-168583B44EC0}.Debug|Any CPU.Build.0 = Debug|x64
		{D185FAA3-DDF4-4DD0-B914-168583B44EC0}.Release|Any CPU.ActiveCfg = Release|x64
		{D185FAA3-DDF4-4DD0-B914-168583B44EC0}.Release|Any CPU.Build.0 = Release|x64
		{988FE87A-EDFE-4C26-B8C3-C55E27708AD0}.Debug|Any CPU.ActiveCfg = Debug|x64
		{988FE87A-EDFE-4C26-B8C3-C55E27708AD0}.Debug|Any CPU.Build.0 = Debug|x64
		{988FE87A-EDFE-4C26-B8C3-C55E27708AD0}.Release|Any CPU.ActiveCfg = Release|x64
		{988FE87A-EDFE-4C26-B8C3-C55E27708AD0}.Release|Any CPU.Build.0 = Release|x64
		{B6CAE810-5404-4810-9B03-8C55BD8BF4CA}.Debug|Any CPU.ActiveCfg = Debug|Any CPU
		{B6CAE810-5404-4810-9B03-8C55BD8BF4CA}.Release|Any CPU.ActiveCfg = Release|Any CPU
		{CE11A797-DD7D-4E31-B083-21BCD3049DE3}.Debug|Any CPU.ActiveCfg = Debug|x64
		{CE11A797-DD7D-4E31-B083-21BCD3049DE3}.Debug|Any CPU.Build.0 = Debug|x64
		{CE11A797-DD7D-4E31-B083-21BCD3049DE3}.Release|Any CPU.ActiveCfg = Release|x64
		{CE11A797-DD7D-4E31-B083-21BCD3049DE3}.Release|Any CPU.Build.0 = Release|x64
		{8507C69F-E7BD-4945-92C5-FBD79E3501A5}.Debug|Any CPU.ActiveCfg = Debug|Any CPU
		{8507C69F-E7BD-4945-92C5-FBD79E3501A5}.Debug|Any CPU.Build.0 = Debug|Any CPU
		{8507C69F-E7BD-4945-92C5-FBD79E3501A5}.Release|Any CPU.ActiveCfg = Release|Any CPU
		{8507C69F-E7BD-4945-92C5-FBD79E3501A5}.Release|Any CPU.Build.0 = Release|Any CPU
		{2925751B-B636-47EB-B887-1435F8D6FC40}.Debug|Any CPU.ActiveCfg = Debug|Win32
		{2925751B-B636-47EB-B887-1435F8D6FC40}.Release|Any CPU.ActiveCfg = Release|Win32
		{498A9CDF-E40D-4823-ABE1-337286B12392}.Debug|Any CPU.ActiveCfg = Debug|Any CPU
		{498A9CDF-E40D-4823-ABE1-337286B12392}.Debug|Any CPU.Build.0 = Debug|Any CPU
		{498A9CDF-E40D-4823-ABE1-337286B12392}.Release|Any CPU.ActiveCfg = Release|Any CPU
		{498A9CDF-E40D-4823-ABE1-337286B12392}.Release|Any CPU.Build.0 = Release|Any CPU
		{957DD705-84E3-4544-A179-FB5C71B83400}.Debug|Any CPU.ActiveCfg = Debug|Any CPU
		{957DD705-84E3-4544-A179-FB5C71B83400}.Debug|Any CPU.Build.0 = Debug|Any CPU
		{957DD705-84E3-4544-A179-FB5C71B83400}.Release|Any CPU.ActiveCfg = Release|Any CPU
		{957DD705-84E3-4544-A179-FB5C71B83400}.Release|Any CPU.Build.0 = Release|Any CPU
		{3802E3E2-679F-4878-A370-4CF2F9E8DC15}.Debug|Any CPU.ActiveCfg = Debug|x64
		{3802E3E2-679F-4878-A370-4CF2F9E8DC15}.Debug|Any CPU.Build.0 = Debug|x64
		{3802E3E2-679F-4878-A370-4CF2F9E8DC15}.Release|Any CPU.ActiveCfg = Release|x64
		{3802E3E2-679F-4878-A370-4CF2F9E8DC15}.Release|Any CPU.Build.0 = Release|x64
		{7D807B6E-9D25-40D4-98C4-E64C6972DF76}.Debug|Any CPU.ActiveCfg = Debug|Any CPU
		{7D807B6E-9D25-40D4-98C4-E64C6972DF76}.Debug|Any CPU.Build.0 = Debug|Any CPU
		{7D807B6E-9D25-40D4-98C4-E64C6972DF76}.Release|Any CPU.ActiveCfg = Release|Any CPU
		{7D807B6E-9D25-40D4-98C4-E64C6972DF76}.Release|Any CPU.Build.0 = Release|Any CPU
		{0450FA60-C08F-4163-B953-80426F3576A0}.Debug|Any CPU.ActiveCfg = Debug|Any CPU
		{0450FA60-C08F-4163-B953-80426F3576A0}.Debug|Any CPU.Build.0 = Debug|Any CPU
		{0450FA60-C08F-4163-B953-80426F3576A0}.Release|Any CPU.ActiveCfg = Release|Any CPU
		{0450FA60-C08F-4163-B953-80426F3576A0}.Release|Any CPU.Build.0 = Release|Any CPU
		{0C295FB8-C6C6-4A40-9F19-05A43F353A04}.Debug|Any CPU.ActiveCfg = Debug|Any CPU
		{0C295FB8-C6C6-4A40-9F19-05A43F353A04}.Debug|Any CPU.Build.0 = Debug|Any CPU
		{0C295FB8-C6C6-4A40-9F19-05A43F353A04}.Release|Any CPU.ActiveCfg = Release|Any CPU
		{0C295FB8-C6C6-4A40-9F19-05A43F353A04}.Release|Any CPU.Build.0 = Release|Any CPU
		{7ED8DDE9-D8B0-42D8-A00C-049477ACD4A5}.Debug|Any CPU.ActiveCfg = Debug|Any CPU
		{7ED8DDE9-D8B0-42D8-A00C-049477ACD4A5}.Debug|Any CPU.Build.0 = Debug|Any CPU
		{7ED8DDE9-D8B0-42D8-A00C-049477ACD4A5}.Release|Any CPU.ActiveCfg = Release|Any CPU
		{7ED8DDE9-D8B0-42D8-A00C-049477ACD4A5}.Release|Any CPU.Build.0 = Release|Any CPU
		{E54FB2B4-3714-456B-9153-D3C3D2EE9E81}.Debug|Any CPU.ActiveCfg = Debug|Any CPU
		{E54FB2B4-3714-456B-9153-D3C3D2EE9E81}.Debug|Any CPU.Build.0 = Debug|Any CPU
		{E54FB2B4-3714-456B-9153-D3C3D2EE9E81}.Release|Any CPU.ActiveCfg = Release|Any CPU
		{E54FB2B4-3714-456B-9153-D3C3D2EE9E81}.Release|Any CPU.Build.0 = Release|Any CPU
		{A9428108-7811-46B2-B8CE-814466ECB602}.Debug|Any CPU.ActiveCfg = Debug|Any CPU
		{A9428108-7811-46B2-B8CE-814466ECB602}.Debug|Any CPU.Build.0 = Debug|Any CPU
		{A9428108-7811-46B2-B8CE-814466ECB602}.Release|Any CPU.ActiveCfg = Release|Any CPU
		{A9428108-7811-46B2-B8CE-814466ECB602}.Release|Any CPU.Build.0 = Release|Any CPU
		{A6A2F3F6-DB6E-4D05-9C6E-BE823C17FF19}.Debug|Any CPU.ActiveCfg = Debug|Any CPU
		{A6A2F3F6-DB6E-4D05-9C6E-BE823C17FF19}.Debug|Any CPU.Build.0 = Debug|Any CPU
		{A6A2F3F6-DB6E-4D05-9C6E-BE823C17FF19}.Release|Any CPU.ActiveCfg = Release|Any CPU
		{A6A2F3F6-DB6E-4D05-9C6E-BE823C17FF19}.Release|Any CPU.Build.0 = Release|Any CPU
		{349EE8FA-7D25-4909-AAF5-FF3FADE72187}.Debug|Any CPU.ActiveCfg = Debug|x64
		{349EE8FA-7D25-4909-AAF5-FF3FADE72187}.Debug|Any CPU.Build.0 = Debug|x64
		{349EE8FA-7D25-4909-AAF5-FF3FADE72187}.Release|Any CPU.ActiveCfg = Release|x64
		{349EE8FA-7D25-4909-AAF5-FF3FADE72187}.Release|Any CPU.Build.0 = Release|x64
		{B0429905-FF01-4A25-9C68-F17544F823A5}.Debug|Any CPU.ActiveCfg = Debug|Any CPU
		{B0429905-FF01-4A25-9C68-F17544F823A5}.Release|Any CPU.ActiveCfg = Release|x64
		{ACEE43FB-53CC-48E0-9F6C-BA78026E0FAC}.Debug|Any CPU.ActiveCfg = Debug|Any CPU
		{ACEE43FB-53CC-48E0-9F6C-BA78026E0FAC}.Release|Any CPU.ActiveCfg = Release|Any CPU
		{61F870C2-9389-497A-B9F4-4965F2A8992D}.Debug|Any CPU.ActiveCfg = Debug|Any CPU
		{61F870C2-9389-497A-B9F4-4965F2A8992D}.Debug|Any CPU.Build.0 = Debug|Any CPU
		{61F870C2-9389-497A-B9F4-4965F2A8992D}.Release|Any CPU.ActiveCfg = Release|Any CPU
		{61F870C2-9389-497A-B9F4-4965F2A8992D}.Release|Any CPU.Build.0 = Release|Any CPU
		{86202CBB-FA68-4E75-8AAD-70908B79FCE3}.Debug|Any CPU.ActiveCfg = Debug|Any CPU
		{86202CBB-FA68-4E75-8AAD-70908B79FCE3}.Release|Any CPU.ActiveCfg = Release|Any CPU
		{2B98423E-11AE-470A-B484-940D47620F28}.Debug|Any CPU.ActiveCfg = Debug|Any CPU
		{2B98423E-11AE-470A-B484-940D47620F28}.Debug|Any CPU.Build.0 = Debug|Any CPU
		{2B98423E-11AE-470A-B484-940D47620F28}.Release|Any CPU.ActiveCfg = Release|Any CPU
		{2B98423E-11AE-470A-B484-940D47620F28}.Release|Any CPU.Build.0 = Release|Any CPU
		{2EBA814A-C9D9-4AE1-934B-0E5ACFFD247E}.Debug|Any CPU.ActiveCfg = Debug|Any CPU
		{2EBA814A-C9D9-4AE1-934B-0E5ACFFD247E}.Debug|Any CPU.Build.0 = Debug|Any CPU
		{2EBA814A-C9D9-4AE1-934B-0E5ACFFD247E}.Release|Any CPU.ActiveCfg = Release|Any CPU
		{2EBA814A-C9D9-4AE1-934B-0E5ACFFD247E}.Release|Any CPU.Build.0 = Release|Any CPU
		{E96C74BA-9F74-4289-BF72-45CAD472D3D2}.Debug|Any CPU.ActiveCfg = Debug|Any CPU
		{E96C74BA-9F74-4289-BF72-45CAD472D3D2}.Debug|Any CPU.Build.0 = Debug|Any CPU
		{E96C74BA-9F74-4289-BF72-45CAD472D3D2}.Release|Any CPU.ActiveCfg = Release|Any CPU
		{E96C74BA-9F74-4289-BF72-45CAD472D3D2}.Release|Any CPU.Build.0 = Release|Any CPU
		{A1255440-79A2-4330-AD80-89F0BAFCE73F}.Debug|Any CPU.ActiveCfg = Debug|Any CPU
		{A1255440-79A2-4330-AD80-89F0BAFCE73F}.Debug|Any CPU.Build.0 = Debug|Any CPU
		{A1255440-79A2-4330-AD80-89F0BAFCE73F}.Release|Any CPU.ActiveCfg = Release|Any CPU
		{A1255440-79A2-4330-AD80-89F0BAFCE73F}.Release|Any CPU.Build.0 = Release|Any CPU
		{82B5F435-0C96-4A1C-BE03-3F3BD6FE1617}.Debug|Any CPU.ActiveCfg = Debug|Any CPU
		{82B5F435-0C96-4A1C-BE03-3F3BD6FE1617}.Debug|Any CPU.Build.0 = Debug|Any CPU
		{82B5F435-0C96-4A1C-BE03-3F3BD6FE1617}.Release|Any CPU.ActiveCfg = Release|Any CPU
		{82B5F435-0C96-4A1C-BE03-3F3BD6FE1617}.Release|Any CPU.Build.0 = Release|Any CPU
		{7B531568-9C87-4CC5-917D-28C43BCF5B38}.Debug|Any CPU.ActiveCfg = Debug|Any CPU
		{7B531568-9C87-4CC5-917D-28C43BCF5B38}.Debug|Any CPU.Build.0 = Debug|Any CPU
		{7B531568-9C87-4CC5-917D-28C43BCF5B38}.Release|Any CPU.ActiveCfg = Release|Any CPU
		{7B531568-9C87-4CC5-917D-28C43BCF5B38}.Release|Any CPU.Build.0 = Release|Any CPU
		{EF4A1ADC-BDDE-4FC8-BD70-90332751933D}.Debug|Any CPU.ActiveCfg = Debug|Any CPU
		{EF4A1ADC-BDDE-4FC8-BD70-90332751933D}.Debug|Any CPU.Build.0 = Debug|Any CPU
		{EF4A1ADC-BDDE-4FC8-BD70-90332751933D}.Release|Any CPU.ActiveCfg = Release|Any CPU
		{EF4A1ADC-BDDE-4FC8-BD70-90332751933D}.Release|Any CPU.Build.0 = Release|Any CPU
		{724B36AE-B99F-4445-9920-258D31DA804C}.Debug|Any CPU.ActiveCfg = Debug|Any CPU
		{724B36AE-B99F-4445-9920-258D31DA804C}.Debug|Any CPU.Build.0 = Debug|Any CPU
		{724B36AE-B99F-4445-9920-258D31DA804C}.Release|Any CPU.ActiveCfg = Release|Any CPU
		{724B36AE-B99F-4445-9920-258D31DA804C}.Release|Any CPU.Build.0 = Release|Any CPU
		{2789E4AA-3BB2-4F9E-B0DF-2F138827252D}.Debug|Any CPU.ActiveCfg = Debug|Any CPU
		{2789E4AA-3BB2-4F9E-B0DF-2F138827252D}.Debug|Any CPU.Build.0 = Debug|Any CPU
		{2789E4AA-3BB2-4F9E-B0DF-2F138827252D}.Release|Any CPU.ActiveCfg = Release|Any CPU
		{2789E4AA-3BB2-4F9E-B0DF-2F138827252D}.Release|Any CPU.Build.0 = Release|Any CPU
	EndGlobalSection
	GlobalSection(SolutionProperties) = preSolution
		HideSolutionNode = FALSE
	EndGlobalSection
	GlobalSection(NestedProjects) = preSolution
		{ACEE43FB-53CC-48E0-9F6C-BA78026E0FAC} = {1C37BEBE-CB9A-4870-8C31-DA74768834CC}
	EndGlobalSection
	GlobalSection(ExtensibilityGlobals) = postSolution
		SolutionGuid = {C807A779-7E08-4202-8E53-F56D4D3261C6}
	EndGlobalSection
EndGlobal
